
Microsoft Visual Studio Solution File, Format Version 12.00
# Visual Studio Version 17
VisualStudioVersion = 17.1.32414.318
MinimumVisualStudioVersion = 10.0.40219.1
Project("{FAE04EC0-301F-11D3-BF4B-00C04F79EFBC}") = "Music_Story_Rota", "Music_Story_Rota.csproj", "{579B6ADD-81CF-4C82-9F6D-92145D47CEF8}"
EndProject
Global
	GlobalSection(SolutionConfigurationPlatforms) = preSolution
		Debug|Any CPU = Debug|Any CPU
		Release|Any CPU = Release|Any CPU
	EndGlobalSection
	GlobalSection(ProjectConfigurationPlatforms) = postSolution
		{579B6ADD-81CF-4C82-9F6D-92145D47CEF8}.Debug|Any CPU.ActiveCfg = Debug|Any CPU
		{579B6ADD-81CF-4C82-9F6D-92145D47CEF8}.Debug|Any CPU.Build.0 = Debug|Any CPU
		{579B6ADD-81CF-4C82-9F6D-92145D47CEF8}.Release|Any CPU.ActiveCfg = Release|Any CPU
		{579B6ADD-81CF-4C82-9F6D-92145D47CEF8}.Release|Any CPU.Build.0 = Release|Any CPU
	EndGlobalSection
	GlobalSection(SolutionProperties) = preSolution
		HideSolutionNode = FALSE
	EndGlobalSection
	GlobalSection(ExtensibilityGlobals) = postSolution
		SolutionGuid = {1AF4D592-9BF6-4B4C-B881-99538D66EC68}
	EndGlobalSection
EndGlobal
